
Microsoft Visual Studio Solution File, Format Version 12.00
# Visual Studio Version 17
VisualStudioVersion = 17.5.002.0
MinimumVisualStudioVersion = 10.0.40219.1
Project("{9A19103F-16F7-4668-BE54-9A1E7A4F7556}") = "Console-Project", "Console-Project.csproj", "{6BEB238D-B19B-4BD3-8375-AE8D5C7DBFEB}"
EndProject
Global
	GlobalSection(SolutionConfigurationPlatforms) = preSolution
		Debug|Any CPU = Debug|Any CPU
		Release|Any CPU = Release|Any CPU
	EndGlobalSection
	GlobalSection(ProjectConfigurationPlatforms) = postSolution
		{6BEB238D-B19B-4BD3-8375-AE8D5C7DBFEB}.Debug|Any CPU.ActiveCfg = Debug|Any CPU
		{6BEB238D-B19B-4BD3-8375-AE8D5C7DBFEB}.Debug|Any CPU.Build.0 = Debug|Any CPU
		{6BEB238D-B19B-4BD3-8375-AE8D5C7DBFEB}.Release|Any CPU.ActiveCfg = Release|Any CPU
		{6BEB238D-B19B-4BD3-8375-AE8D5C7DBFEB}.Release|Any CPU.Build.0 = Release|Any CPU
	EndGlobalSection
	GlobalSection(SolutionProperties) = preSolution
		HideSolutionNode = FALSE
	EndGlobalSection
	GlobalSection(ExtensibilityGlobals) = postSolution
		SolutionGuid = {428A4940-1674-4F9B-BEA5-9F594A5BD545}
	EndGlobalSection
EndGlobal
